
Microsoft Visual Studio Solution File, Format Version 12.00
# Visual Studio 14
VisualStudioVersion = 14.0.25420.1
MinimumVisualStudioVersion = 10.0.40219.1
Project("{FAE04EC0-301F-11D3-BF4B-00C04F79EFBC}") = "MOB.XF.Estilo.Droid", "MOB.XF.Estilo\MOB.XF.Estilo.Droid\MOB.XF.Estilo.Droid.csproj", "{76B634E0-3D99-4702-BC0B-02FC1DDE1F53}"
EndProject
Project("{FAE04EC0-301F-11D3-BF4B-00C04F79EFBC}") = "MOB.XF.Estilo.iOS", "MOB.XF.Estilo\MOB.XF.Estilo.iOS\MOB.XF.Estilo.iOS.csproj", "{4ED90BA6-A838-43E7-A342-97DB088F7D40}"
EndProject
Project("{FAE04EC0-301F-11D3-BF4B-00C04F79EFBC}") = "MOB.XF.Estilo.WinPhone", "MOB.XF.Estilo\MOB.XF.Estilo.WinPhone\MOB.XF.Estilo.WinPhone.csproj", "{33E693C9-8EC0-47B5-90E9-B8AD3FC8C3FC}"
EndProject
Project("{FAE04EC0-301F-11D3-BF4B-00C04F79EFBC}") = "MOB.XF.Estilo.UWP", "MOB.XF.Estilo\MOB.XF.Estilo.UWP\MOB.XF.Estilo.UWP.csproj", "{1C74317A-C480-4752-91DC-73BF112C283B}"
EndProject
Project("{FAE04EC0-301F-11D3-BF4B-00C04F79EFBC}") = "MOB.XF.Estilo.Windows", "MOB.XF.Estilo\MOB.XF.Estilo.Windows\MOB.XF.Estilo.Windows.csproj", "{0B32ABCE-DF07-4DF8-ACBE-AF545FFA33C8}"
EndProject
Project("{FAE04EC0-301F-11D3-BF4B-00C04F79EFBC}") = "MOB.XF.Estilo", "MOB.XF.Estilo\MOB.XF.Estilo\MOB.XF.Estilo.csproj", "{6B26D6D1-460A-42C3-BD57-4E204AFFCC48}"
EndProject
Global
	GlobalSection(SolutionConfigurationPlatforms) = preSolution
		Ad-Hoc|Any CPU = Ad-Hoc|Any CPU
		Ad-Hoc|ARM = Ad-Hoc|ARM
		Ad-Hoc|iPhone = Ad-Hoc|iPhone
		Ad-Hoc|iPhoneSimulator = Ad-Hoc|iPhoneSimulator
		Ad-Hoc|x64 = Ad-Hoc|x64
		Ad-Hoc|x86 = Ad-Hoc|x86
		AppStore|Any CPU = AppStore|Any CPU
		AppStore|ARM = AppStore|ARM
		AppStore|iPhone = AppStore|iPhone
		AppStore|iPhoneSimulator = AppStore|iPhoneSimulator
		AppStore|x64 = AppStore|x64
		AppStore|x86 = AppStore|x86
		Debug|Any CPU = Debug|Any CPU
		Debug|ARM = Debug|ARM
		Debug|iPhone = Debug|iPhone
		Debug|iPhoneSimulator = Debug|iPhoneSimulator
		Debug|x64 = Debug|x64
		Debug|x86 = Debug|x86
		Release|Any CPU = Release|Any CPU
		Release|ARM = Release|ARM
		Release|iPhone = Release|iPhone
		Release|iPhoneSimulator = Release|iPhoneSimulator
		Release|x64 = Release|x64
		Release|x86 = Release|x86
	EndGlobalSection
	GlobalSection(ProjectConfigurationPlatforms) = postSolution
		{76B634E0-3D99-4702-BC0B-02FC1DDE1F53}.Ad-Hoc|Any CPU.ActiveCfg = Release|Any CPU
		{76B634E0-3D99-4702-BC0B-02FC1DDE1F53}.Ad-Hoc|Any CPU.Build.0 = Release|Any CPU
		{76B634E0-3D99-4702-BC0B-02FC1DDE1F53}.Ad-Hoc|Any CPU.Deploy.0 = Release|Any CPU
		{76B634E0-3D99-4702-BC0B-02FC1DDE1F53}.Ad-Hoc|ARM.ActiveCfg = Release|Any CPU
		{76B634E0-3D99-4702-BC0B-02FC1DDE1F53}.Ad-Hoc|ARM.Build.0 = Release|Any CPU
		{76B634E0-3D99-4702-BC0B-02FC1DDE1F53}.Ad-Hoc|ARM.Deploy.0 = Release|Any CPU
		{76B634E0-3D99-4702-BC0B-02FC1DDE1F53}.Ad-Hoc|iPhone.ActiveCfg = Release|Any CPU
		{76B634E0-3D99-4702-BC0B-02FC1DDE1F53}.Ad-Hoc|iPhone.Build.0 = Release|Any CPU
		{76B634E0-3D99-4702-BC0B-02FC1DDE1F53}.Ad-Hoc|iPhone.Deploy.0 = Release|Any CPU
		{76B634E0-3D99-4702-BC0B-02FC1DDE1F53}.Ad-Hoc|iPhoneSimulator.ActiveCfg = Release|Any CPU
		{76B634E0-3D99-4702-BC0B-02FC1DDE1F53}.Ad-Hoc|iPhoneSimulator.Build.0 = Release|Any CPU
		{76B634E0-3D99-4702-BC0B-02FC1DDE1F53}.Ad-Hoc|iPhoneSimulator.Deploy.0 = Release|Any CPU
		{76B634E0-3D99-4702-BC0B-02FC1DDE1F53}.Ad-Hoc|x64.ActiveCfg = Release|Any CPU
		{76B634E0-3D99-4702-BC0B-02FC1DDE1F53}.Ad-Hoc|x64.Build.0 = Release|Any CPU
		{76B634E0-3D99-4702-BC0B-02FC1DDE1F53}.Ad-Hoc|x64.Deploy.0 = Release|Any CPU
		{76B634E0-3D99-4702-BC0B-02FC1DDE1F53}.Ad-Hoc|x86.ActiveCfg = Release|Any CPU
		{76B634E0-3D99-4702-BC0B-02FC1DDE1F53}.Ad-Hoc|x86.Build.0 = Release|Any CPU
		{76B634E0-3D99-4702-BC0B-02FC1DDE1F53}.Ad-Hoc|x86.Deploy.0 = Release|Any CPU
		{76B634E0-3D99-4702-BC0B-02FC1DDE1F53}.AppStore|Any CPU.ActiveCfg = Release|Any CPU
		{76B634E0-3D99-4702-BC0B-02FC1DDE1F53}.AppStore|Any CPU.Build.0 = Release|Any CPU
		{76B634E0-3D99-4702-BC0B-02FC1DDE1F53}.AppStore|Any CPU.Deploy.0 = Release|Any CPU
		{76B634E0-3D99-4702-BC0B-02FC1DDE1F53}.AppStore|ARM.ActiveCfg = Release|Any CPU
		{76B634E0-3D99-4702-BC0B-02FC1DDE1F53}.AppStore|ARM.Build.0 = Release|Any CPU
		{76B634E0-3D99-4702-BC0B-02FC1DDE1F53}.AppStore|ARM.Deploy.0 = Release|Any CPU
		{76B634E0-3D99-4702-BC0B-02FC1DDE1F53}.AppStore|iPhone.ActiveCfg = Release|Any CPU
		{76B634E0-3D99-4702-BC0B-02FC1DDE1F53}.AppStore|iPhone.Build.0 = Release|Any CPU
		{76B634E0-3D99-4702-BC0B-02FC1DDE1F53}.AppStore|iPhone.Deploy.0 = Release|Any CPU
		{76B634E0-3D99-4702-BC0B-02FC1DDE1F53}.AppStore|iPhoneSimulator.ActiveCfg = Release|Any CPU
		{76B634E0-3D99-4702-BC0B-02FC1DDE1F53}.AppStore|iPhoneSimulator.Build.0 = Release|Any CPU
		{76B634E0-3D99-4702-BC0B-02FC1DDE1F53}.AppStore|iPhoneSimulator.Deploy.0 = Release|Any CPU
		{76B634E0-3D99-4702-BC0B-02FC1DDE1F53}.AppStore|x64.ActiveCfg = Release|Any CPU
		{76B634E0-3D99-4702-BC0B-02FC1DDE1F53}.AppStore|x64.Build.0 = Release|Any CPU
		{76B634E0-3D99-4702-BC0B-02FC1DDE1F53}.AppStore|x64.Deploy.0 = Release|Any CPU
		{76B634E0-3D99-4702-BC0B-02FC1DDE1F53}.AppStore|x86.ActiveCfg = Release|Any CPU
		{76B634E0-3D99-4702-BC0B-02FC1DDE1F53}.AppStore|x86.Build.0 = Release|Any CPU
		{76B634E0-3D99-4702-BC0B-02FC1DDE1F53}.AppStore|x86.Deploy.0 = Release|Any CPU
		{76B634E0-3D99-4702-BC0B-02FC1DDE1F53}.Debug|Any CPU.ActiveCfg = Debug|Any CPU
		{76B634E0-3D99-4702-BC0B-02FC1DDE1F53}.Debug|Any CPU.Build.0 = Debug|Any CPU
		{76B634E0-3D99-4702-BC0B-02FC1DDE1F53}.Debug|Any CPU.Deploy.0 = Debug|Any CPU
		{76B634E0-3D99-4702-BC0B-02FC1DDE1F53}.Debug|ARM.ActiveCfg = Debug|Any CPU
		{76B634E0-3D99-4702-BC0B-02FC1DDE1F53}.Debug|ARM.Build.0 = Debug|Any CPU
		{76B634E0-3D99-4702-BC0B-02FC1DDE1F53}.Debug|ARM.Deploy.0 = Debug|Any CPU
		{76B634E0-3D99-4702-BC0B-02FC1DDE1F53}.Debug|iPhone.ActiveCfg = Debug|Any CPU
		{76B634E0-3D99-4702-BC0B-02FC1DDE1F53}.Debug|iPhone.Build.0 = Debug|Any CPU
		{76B634E0-3D99-4702-BC0B-02FC1DDE1F53}.Debug|iPhone.Deploy.0 = Debug|Any CPU
		{76B634E0-3D99-4702-BC0B-02FC1DDE1F53}.Debug|iPhoneSimulator.ActiveCfg = Debug|Any CPU
		{76B634E0-3D99-4702-BC0B-02FC1DDE1F53}.Debug|iPhoneSimulator.Build.0 = Debug|Any CPU
		{76B634E0-3D99-4702-BC0B-02FC1DDE1F53}.Debug|iPhoneSimulator.Deploy.0 = Debug|Any CPU
		{76B634E0-3D99-4702-BC0B-02FC1DDE1F53}.Debug|x64.ActiveCfg = Debug|Any CPU
		{76B634E0-3D99-4702-BC0B-02FC1DDE1F53}.Debug|x64.Build.0 = Debug|Any CPU
		{76B634E0-3D99-4702-BC0B-02FC1DDE1F53}.Debug|x64.Deploy.0 = Debug|Any CPU
		{76B634E0-3D99-4702-BC0B-02FC1DDE1F53}.Debug|x86.ActiveCfg = Debug|Any CPU
		{76B634E0-3D99-4702-BC0B-02FC1DDE1F53}.Debug|x86.Build.0 = Debug|Any CPU
		{76B634E0-3D99-4702-BC0B-02FC1DDE1F53}.Debug|x86.Deploy.0 = Debug|Any CPU
		{76B634E0-3D99-4702-BC0B-02FC1DDE1F53}.Release|Any CPU.ActiveCfg = Release|Any CPU
		{76B634E0-3D99-4702-BC0B-02FC1DDE1F53}.Release|Any CPU.Build.0 = Release|Any CPU
		{76B634E0-3D99-4702-BC0B-02FC1DDE1F53}.Release|Any CPU.Deploy.0 = Release|Any CPU
		{76B634E0-3D99-4702-BC0B-02FC1DDE1F53}.Release|ARM.ActiveCfg = Release|Any CPU
		{76B634E0-3D99-4702-BC0B-02FC1DDE1F53}.Release|ARM.Build.0 = Release|Any CPU
		{76B634E0-3D99-4702-BC0B-02FC1DDE1F53}.Release|ARM.Deploy.0 = Release|Any CPU
		{76B634E0-3D99-4702-BC0B-02FC1DDE1F53}.Release|iPhone.ActiveCfg = Release|Any CPU
		{76B634E0-3D99-4702-BC0B-02FC1DDE1F53}.Release|iPhone.Build.0 = Release|Any CPU
		{76B634E0-3D99-4702-BC0B-02FC1DDE1F53}.Release|iPhone.Deploy.0 = Release|Any CPU
		{76B634E0-3D99-4702-BC0B-02FC1DDE1F53}.Release|iPhoneSimulator.ActiveCfg = Release|Any CPU
		{76B634E0-3D99-4702-BC0B-02FC1DDE1F53}.Release|iPhoneSimulator.Build.0 = Release|Any CPU
		{76B634E0-3D99-4702-BC0B-02FC1DDE1F53}.Release|iPhoneSimulator.Deploy.0 = Release|Any CPU
		{76B634E0-3D99-4702-BC0B-02FC1DDE1F53}.Release|x64.ActiveCfg = Release|Any CPU
		{76B634E0-3D99-4702-BC0B-02FC1DDE1F53}.Release|x64.Build.0 = Release|Any CPU
		{76B634E0-3D99-4702-BC0B-02FC1DDE1F53}.Release|x64.Deploy.0 = Release|Any CPU
		{76B634E0-3D99-4702-BC0B-02FC1DDE1F53}.Release|x86.ActiveCfg = Release|Any CPU
		{76B634E0-3D99-4702-BC0B-02FC1DDE1F53}.Release|x86.Build.0 = Release|Any CPU
		{76B634E0-3D99-4702-BC0B-02FC1DDE1F53}.Release|x86.Deploy.0 = Release|Any CPU
		{4ED90BA6-A838-43E7-A342-97DB088F7D40}.Ad-Hoc|Any CPU.ActiveCfg = Ad-Hoc|iPhone
		{4ED90BA6-A838-43E7-A342-97DB088F7D40}.Ad-Hoc|ARM.ActiveCfg = Ad-Hoc|iPhone
		{4ED90BA6-A838-43E7-A342-97DB088F7D40}.Ad-Hoc|iPhone.ActiveCfg = Ad-Hoc|iPhone
		{4ED90BA6-A838-43E7-A342-97DB088F7D40}.Ad-Hoc|iPhone.Build.0 = Ad-Hoc|iPhone
		{4ED90BA6-A838-43E7-A342-97DB088F7D40}.Ad-Hoc|iPhoneSimulator.ActiveCfg = Ad-Hoc|iPhoneSimulator
		{4ED90BA6-A838-43E7-A342-97DB088F7D40}.Ad-Hoc|iPhoneSimulator.Build.0 = Ad-Hoc|iPhoneSimulator
		{4ED90BA6-A838-43E7-A342-97DB088F7D40}.Ad-Hoc|x64.ActiveCfg = Ad-Hoc|iPhone
		{4ED90BA6-A838-43E7-A342-97DB088F7D40}.Ad-Hoc|x86.ActiveCfg = Ad-Hoc|iPhone
		{4ED90BA6-A838-43E7-A342-97DB088F7D40}.AppStore|Any CPU.ActiveCfg = AppStore|iPhone
		{4ED90BA6-A838-43E7-A342-97DB088F7D40}.AppStore|ARM.ActiveCfg = AppStore|iPhone
		{4ED90BA6-A838-43E7-A342-97DB088F7D40}.AppStore|iPhone.ActiveCfg = AppStore|iPhone
		{4ED90BA6-A838-43E7-A342-97DB088F7D40}.AppStore|iPhone.Build.0 = AppStore|iPhone
		{4ED90BA6-A838-43E7-A342-97DB088F7D40}.AppStore|iPhoneSimulator.ActiveCfg = AppStore|iPhoneSimulator
		{4ED90BA6-A838-43E7-A342-97DB088F7D40}.AppStore|iPhoneSimulator.Build.0 = AppStore|iPhoneSimulator
		{4ED90BA6-A838-43E7-A342-97DB088F7D40}.AppStore|x64.ActiveCfg = AppStore|iPhone
		{4ED90BA6-A838-43E7-A342-97DB088F7D40}.AppStore|x86.ActiveCfg = AppStore|iPhone
		{4ED90BA6-A838-43E7-A342-97DB088F7D40}.Debug|Any CPU.ActiveCfg = Debug|iPhone
		{4ED90BA6-A838-43E7-A342-97DB088F7D40}.Debug|ARM.ActiveCfg = Debug|iPhone
		{4ED90BA6-A838-43E7-A342-97DB088F7D40}.Debug|iPhone.ActiveCfg = Debug|iPhone
		{4ED90BA6-A838-43E7-A342-97DB088F7D40}.Debug|iPhone.Build.0 = Debug|iPhone
		{4ED90BA6-A838-43E7-A342-97DB088F7D40}.Debug|iPhoneSimulator.ActiveCfg = Debug|iPhoneSimulator
		{4ED90BA6-A838-43E7-A342-97DB088F7D40}.Debug|iPhoneSimulator.Build.0 = Debug|iPhoneSimulator
		{4ED90BA6-A838-43E7-A342-97DB088F7D40}.Debug|x64.ActiveCfg = Debug|iPhone
		{4ED90BA6-A838-43E7-A342-97DB088F7D40}.Debug|x86.ActiveCfg = Debug|iPhone
		{4ED90BA6-A838-43E7-A342-97DB088F7D40}.Release|Any CPU.ActiveCfg = Release|iPhone
		{4ED90BA6-A838-43E7-A342-97DB088F7D40}.Release|ARM.ActiveCfg = Release|iPhone
		{4ED90BA6-A838-43E7-A342-97DB088F7D40}.Release|iPhone.ActiveCfg = Release|iPhone
		{4ED90BA6-A838-43E7-A342-97DB088F7D40}.Release|iPhone.Build.0 = Release|iPhone
		{4ED90BA6-A838-43E7-A342-97DB088F7D40}.Release|iPhoneSimulator.ActiveCfg = Release|iPhoneSimulator
		{4ED90BA6-A838-43E7-A342-97DB088F7D40}.Release|iPhoneSimulator.Build.0 = Release|iPhoneSimulator
		{4ED90BA6-A838-43E7-A342-97DB088F7D40}.Release|x64.ActiveCfg = Release|iPhone
		{4ED90BA6-A838-43E7-A342-97DB088F7D40}.Release|x86.ActiveCfg = Release|iPhone
		{33E693C9-8EC0-47B5-90E9-B8AD3FC8C3FC}.Ad-Hoc|Any CPU.ActiveCfg = Release|Any CPU
		{33E693C9-8EC0-47B5-90E9-B8AD3FC8C3FC}.Ad-Hoc|Any CPU.Build.0 = Release|Any CPU
		{33E693C9-8EC0-47B5-90E9-B8AD3FC8C3FC}.Ad-Hoc|Any CPU.Deploy.0 = Release|Any CPU
		{33E693C9-8EC0-47B5-90E9-B8AD3FC8C3FC}.Ad-Hoc|ARM.ActiveCfg = Release|ARM
		{33E693C9-8EC0-47B5-90E9-B8AD3FC8C3FC}.Ad-Hoc|ARM.Build.0 = Release|ARM
		{33E693C9-8EC0-47B5-90E9-B8AD3FC8C3FC}.Ad-Hoc|ARM.Deploy.0 = Release|ARM
		{33E693C9-8EC0-47B5-90E9-B8AD3FC8C3FC}.Ad-Hoc|iPhone.ActiveCfg = Release|Any CPU
		{33E693C9-8EC0-47B5-90E9-B8AD3FC8C3FC}.Ad-Hoc|iPhone.Build.0 = Release|Any CPU
		{33E693C9-8EC0-47B5-90E9-B8AD3FC8C3FC}.Ad-Hoc|iPhone.Deploy.0 = Release|Any CPU
		{33E693C9-8EC0-47B5-90E9-B8AD3FC8C3FC}.Ad-Hoc|iPhoneSimulator.ActiveCfg = Release|Any CPU
		{33E693C9-8EC0-47B5-90E9-B8AD3FC8C3FC}.Ad-Hoc|iPhoneSimulator.Build.0 = Release|Any CPU
		{33E693C9-8EC0-47B5-90E9-B8AD3FC8C3FC}.Ad-Hoc|iPhoneSimulator.Deploy.0 = Release|Any CPU
		{33E693C9-8EC0-47B5-90E9-B8AD3FC8C3FC}.Ad-Hoc|x64.ActiveCfg = Release|Any CPU
		{33E693C9-8EC0-47B5-90E9-B8AD3FC8C3FC}.Ad-Hoc|x64.Build.0 = Release|Any CPU
		{33E693C9-8EC0-47B5-90E9-B8AD3FC8C3FC}.Ad-Hoc|x64.Deploy.0 = Release|Any CPU
		{33E693C9-8EC0-47B5-90E9-B8AD3FC8C3FC}.Ad-Hoc|x86.ActiveCfg = Release|x86
		{33E693C9-8EC0-47B5-90E9-B8AD3FC8C3FC}.Ad-Hoc|x86.Build.0 = Release|x86
		{33E693C9-8EC0-47B5-90E9-B8AD3FC8C3FC}.Ad-Hoc|x86.Deploy.0 = Release|x86
		{33E693C9-8EC0-47B5-90E9-B8AD3FC8C3FC}.AppStore|Any CPU.ActiveCfg = Release|Any CPU
		{33E693C9-8EC0-47B5-90E9-B8AD3FC8C3FC}.AppStore|Any CPU.Build.0 = Release|Any CPU
		{33E693C9-8EC0-47B5-90E9-B8AD3FC8C3FC}.AppStore|Any CPU.Deploy.0 = Release|Any CPU
		{33E693C9-8EC0-47B5-90E9-B8AD3FC8C3FC}.AppStore|ARM.ActiveCfg = Release|ARM
		{33E693C9-8EC0-47B5-90E9-B8AD3FC8C3FC}.AppStore|ARM.Build.0 = Release|ARM
		{33E693C9-8EC0-47B5-90E9-B8AD3FC8C3FC}.AppStore|ARM.Deploy.0 = Release|ARM
		{33E693C9-8EC0-47B5-90E9-B8AD3FC8C3FC}.AppStore|iPhone.ActiveCfg = Release|Any CPU
		{33E693C9-8EC0-47B5-90E9-B8AD3FC8C3FC}.AppStore|iPhone.Build.0 = Release|Any CPU
		{33E693C9-8EC0-47B5-90E9-B8AD3FC8C3FC}.AppStore|iPhone.Deploy.0 = Release|Any CPU
		{33E693C9-8EC0-47B5-90E9-B8AD3FC8C3FC}.AppStore|iPhoneSimulator.ActiveCfg = Release|Any CPU
		{33E693C9-8EC0-47B5-90E9-B8AD3FC8C3FC}.AppStore|iPhoneSimulator.Build.0 = Release|Any CPU
		{33E693C9-8EC0-47B5-90E9-B8AD3FC8C3FC}.AppStore|iPhoneSimulator.Deploy.0 = Release|Any CPU
		{33E693C9-8EC0-47B5-90E9-B8AD3FC8C3FC}.AppStore|x64.ActiveCfg = Release|Any CPU
		{33E693C9-8EC0-47B5-90E9-B8AD3FC8C3FC}.AppStore|x64.Build.0 = Release|Any CPU
		{33E693C9-8EC0-47B5-90E9-B8AD3FC8C3FC}.AppStore|x64.Deploy.0 = Release|Any CPU
		{33E693C9-8EC0-47B5-90E9-B8AD3FC8C3FC}.AppStore|x86.ActiveCfg = Release|x86
		{33E693C9-8EC0-47B5-90E9-B8AD3FC8C3FC}.AppStore|x86.Build.0 = Release|x86
		{33E693C9-8EC0-47B5-90E9-B8AD3FC8C3FC}.AppStore|x86.Deploy.0 = Release|x86
		{33E693C9-8EC0-47B5-90E9-B8AD3FC8C3FC}.Debug|Any CPU.ActiveCfg = Debug|Any CPU
		{33E693C9-8EC0-47B5-90E9-B8AD3FC8C3FC}.Debug|Any CPU.Build.0 = Debug|Any CPU
		{33E693C9-8EC0-47B5-90E9-B8AD3FC8C3FC}.Debug|Any CPU.Deploy.0 = Debug|Any CPU
		{33E693C9-8EC0-47B5-90E9-B8AD3FC8C3FC}.Debug|ARM.ActiveCfg = Debug|ARM
		{33E693C9-8EC0-47B5-90E9-B8AD3FC8C3FC}.Debug|ARM.Build.0 = Debug|ARM
		{33E693C9-8EC0-47B5-90E9-B8AD3FC8C3FC}.Debug|ARM.Deploy.0 = Debug|ARM
		{33E693C9-8EC0-47B5-90E9-B8AD3FC8C3FC}.Debug|iPhone.ActiveCfg = Debug|Any CPU
		{33E693C9-8EC0-47B5-90E9-B8AD3FC8C3FC}.Debug|iPhone.Build.0 = Debug|Any CPU
		{33E693C9-8EC0-47B5-90E9-B8AD3FC8C3FC}.Debug|iPhone.Deploy.0 = Debug|Any CPU
		{33E693C9-8EC0-47B5-90E9-B8AD3FC8C3FC}.Debug|iPhoneSimulator.ActiveCfg = Debug|Any CPU
		{33E693C9-8EC0-47B5-90E9-B8AD3FC8C3FC}.Debug|iPhoneSimulator.Build.0 = Debug|Any CPU
		{33E693C9-8EC0-47B5-90E9-B8AD3FC8C3FC}.Debug|iPhoneSimulator.Deploy.0 = Debug|Any CPU
		{33E693C9-8EC0-47B5-90E9-B8AD3FC8C3FC}.Debug|x64.ActiveCfg = Debug|Any CPU
		{33E693C9-8EC0-47B5-90E9-B8AD3FC8C3FC}.Debug|x64.Build.0 = Debug|Any CPU
		{33E693C9-8EC0-47B5-90E9-B8AD3FC8C3FC}.Debug|x64.Deploy.0 = Debug|Any CPU
		{33E693C9-8EC0-47B5-90E9-B8AD3FC8C3FC}.Debug|x86.ActiveCfg = Debug|x86
		{33E693C9-8EC0-47B5-90E9-B8AD3FC8C3FC}.Debug|x86.Build.0 = Debug|x86
		{33E693C9-8EC0-47B5-90E9-B8AD3FC8C3FC}.Debug|x86.Deploy.0 = Debug|x86
		{33E693C9-8EC0-47B5-90E9-B8AD3FC8C3FC}.Release|Any CPU.ActiveCfg = Release|Any CPU
		{33E693C9-8EC0-47B5-90E9-B8AD3FC8C3FC}.Release|Any CPU.Build.0 = Release|Any CPU
		{33E693C9-8EC0-47B5-90E9-B8AD3FC8C3FC}.Release|Any CPU.Deploy.0 = Release|Any CPU
		{33E693C9-8EC0-47B5-90E9-B8AD3FC8C3FC}.Release|ARM.ActiveCfg = Release|ARM
		{33E693C9-8EC0-47B5-90E9-B8AD3FC8C3FC}.Release|ARM.Build.0 = Release|ARM
		{33E693C9-8EC0-47B5-90E9-B8AD3FC8C3FC}.Release|ARM.Deploy.0 = Release|ARM
		{33E693C9-8EC0-47B5-90E9-B8AD3FC8C3FC}.Release|iPhone.ActiveCfg = Release|Any CPU
		{33E693C9-8EC0-47B5-90E9-B8AD3FC8C3FC}.Release|iPhone.Build.0 = Release|Any CPU
		{33E693C9-8EC0-47B5-90E9-B8AD3FC8C3FC}.Release|iPhone.Deploy.0 = Release|Any CPU
		{33E693C9-8EC0-47B5-90E9-B8AD3FC8C3FC}.Release|iPhoneSimulator.ActiveCfg = Release|Any CPU
		{33E693C9-8EC0-47B5-90E9-B8AD3FC8C3FC}.Release|iPhoneSimulator.Build.0 = Release|Any CPU
		{33E693C9-8EC0-47B5-90E9-B8AD3FC8C3FC}.Release|iPhoneSimulator.Deploy.0 = Release|Any CPU
		{33E693C9-8EC0-47B5-90E9-B8AD3FC8C3FC}.Release|x64.ActiveCfg = Release|Any CPU
		{33E693C9-8EC0-47B5-90E9-B8AD3FC8C3FC}.Release|x64.Build.0 = Release|Any CPU
		{33E693C9-8EC0-47B5-90E9-B8AD3FC8C3FC}.Release|x64.Deploy.0 = Release|Any CPU
		{33E693C9-8EC0-47B5-90E9-B8AD3FC8C3FC}.Release|x86.ActiveCfg = Release|x86
		{33E693C9-8EC0-47B5-90E9-B8AD3FC8C3FC}.Release|x86.Build.0 = Release|x86
		{33E693C9-8EC0-47B5-90E9-B8AD3FC8C3FC}.Release|x86.Deploy.0 = Release|x86
		{1C74317A-C480-4752-91DC-73BF112C283B}.Ad-Hoc|Any CPU.ActiveCfg = Release|x86
		{1C74317A-C480-4752-91DC-73BF112C283B}.Ad-Hoc|Any CPU.Build.0 = Release|x86
		{1C74317A-C480-4752-91DC-73BF112C283B}.Ad-Hoc|Any CPU.Deploy.0 = Release|x86
		{1C74317A-C480-4752-91DC-73BF112C283B}.Ad-Hoc|ARM.ActiveCfg = Release|ARM
		{1C74317A-C480-4752-91DC-73BF112C283B}.Ad-Hoc|ARM.Build.0 = Release|ARM
		{1C74317A-C480-4752-91DC-73BF112C283B}.Ad-Hoc|ARM.Deploy.0 = Release|ARM
		{1C74317A-C480-4752-91DC-73BF112C283B}.Ad-Hoc|iPhone.ActiveCfg = Release|x86
		{1C74317A-C480-4752-91DC-73BF112C283B}.Ad-Hoc|iPhone.Build.0 = Release|x86
		{1C74317A-C480-4752-91DC-73BF112C283B}.Ad-Hoc|iPhone.Deploy.0 = Release|x86
		{1C74317A-C480-4752-91DC-73BF112C283B}.Ad-Hoc|iPhoneSimulator.ActiveCfg = Release|x86
		{1C74317A-C480-4752-91DC-73BF112C283B}.Ad-Hoc|iPhoneSimulator.Build.0 = Release|x86
		{1C74317A-C480-4752-91DC-73BF112C283B}.Ad-Hoc|iPhoneSimulator.Deploy.0 = Release|x86
		{1C74317A-C480-4752-91DC-73BF112C283B}.Ad-Hoc|x64.ActiveCfg = Release|x64
		{1C74317A-C480-4752-91DC-73BF112C283B}.Ad-Hoc|x64.Build.0 = Release|x64
		{1C74317A-C480-4752-91DC-73BF112C283B}.Ad-Hoc|x64.Deploy.0 = Release|x64
		{1C74317A-C480-4752-91DC-73BF112C283B}.Ad-Hoc|x86.ActiveCfg = Release|x86
		{1C74317A-C480-4752-91DC-73BF112C283B}.Ad-Hoc|x86.Build.0 = Release|x86
		{1C74317A-C480-4752-91DC-73BF112C283B}.Ad-Hoc|x86.Deploy.0 = Release|x86
		{1C74317A-C480-4752-91DC-73BF112C283B}.AppStore|Any CPU.ActiveCfg = Release|x86
		{1C74317A-C480-4752-91DC-73BF112C283B}.AppStore|Any CPU.Build.0 = Release|x86
		{1C74317A-C480-4752-91DC-73BF112C283B}.AppStore|Any CPU.Deploy.0 = Release|x86
		{1C74317A-C480-4752-91DC-73BF112C283B}.AppStore|ARM.ActiveCfg = Release|ARM
		{1C74317A-C480-4752-91DC-73BF112C283B}.AppStore|ARM.Build.0 = Release|ARM
		{1C74317A-C480-4752-91DC-73BF112C283B}.AppStore|ARM.Deploy.0 = Release|ARM
		{1C74317A-C480-4752-91DC-73BF112C283B}.AppStore|iPhone.ActiveCfg = Release|x86
		{1C74317A-C480-4752-91DC-73BF112C283B}.AppStore|iPhone.Build.0 = Release|x86
		{1C74317A-C480-4752-91DC-73BF112C283B}.AppStore|iPhone.Deploy.0 = Release|x86
		{1C74317A-C480-4752-91DC-73BF112C283B}.AppStore|iPhoneSimulator.ActiveCfg = Release|x86
		{1C74317A-C480-4752-91DC-73BF112C283B}.AppStore|iPhoneSimulator.Build.0 = Release|x86
		{1C74317A-C480-4752-91DC-73BF112C283B}.AppStore|iPhoneSimulator.Deploy.0 = Release|x86
		{1C74317A-C480-4752-91DC-73BF112C283B}.AppStore|x64.ActiveCfg = Release|x64
		{1C74317A-C480-4752-91DC-73BF112C283B}.AppStore|x64.Build.0 = Release|x64
		{1C74317A-C480-4752-91DC-73BF112C283B}.AppStore|x64.Deploy.0 = Release|x64
		{1C74317A-C480-4752-91DC-73BF112C283B}.AppStore|x86.ActiveCfg = Release|x86
		{1C74317A-C480-4752-91DC-73BF112C283B}.AppStore|x86.Build.0 = Release|x86
		{1C74317A-C480-4752-91DC-73BF112C283B}.AppStore|x86.Deploy.0 = Release|x86
		{1C74317A-C480-4752-91DC-73BF112C283B}.Debug|Any CPU.ActiveCfg = Debug|x86
		{1C74317A-C480-4752-91DC-73BF112C283B}.Debug|ARM.ActiveCfg = Debug|ARM
		{1C74317A-C480-4752-91DC-73BF112C283B}.Debug|ARM.Build.0 = Debug|ARM
		{1C74317A-C480-4752-91DC-73BF112C283B}.Debug|ARM.Deploy.0 = Debug|ARM
		{1C74317A-C480-4752-91DC-73BF112C283B}.Debug|iPhone.ActiveCfg = Debug|x86
		{1C74317A-C480-4752-91DC-73BF112C283B}.Debug|iPhoneSimulator.ActiveCfg = Debug|x86
		{1C74317A-C480-4752-91DC-73BF112C283B}.Debug|x64.ActiveCfg = Debug|x64
		{1C74317A-C480-4752-91DC-73BF112C283B}.Debug|x64.Build.0 = Debug|x64
		{1C74317A-C480-4752-91DC-73BF112C283B}.Debug|x64.Deploy.0 = Debug|x64
		{1C74317A-C480-4752-91DC-73BF112C283B}.Debug|x86.ActiveCfg = Debug|x86
		{1C74317A-C480-4752-91DC-73BF112C283B}.Debug|x86.Build.0 = Debug|x86
		{1C74317A-C480-4752-91DC-73BF112C283B}.Debug|x86.Deploy.0 = Debug|x86
		{1C74317A-C480-4752-91DC-73BF112C283B}.Release|Any CPU.ActiveCfg = Release|x86
		{1C74317A-C480-4752-91DC-73BF112C283B}.Release|ARM.ActiveCfg = Release|ARM
		{1C74317A-C480-4752-91DC-73BF112C283B}.Release|ARM.Build.0 = Release|ARM
		{1C74317A-C480-4752-91DC-73BF112C283B}.Release|ARM.Deploy.0 = Release|ARM
		{1C74317A-C480-4752-91DC-73BF112C283B}.Release|iPhone.ActiveCfg = Release|x86
		{1C74317A-C480-4752-91DC-73BF112C283B}.Release|iPhoneSimulator.ActiveCfg = Release|x86
		{1C74317A-C480-4752-91DC-73BF112C283B}.Release|x64.ActiveCfg = Release|x64
		{1C74317A-C480-4752-91DC-73BF112C283B}.Release|x64.Build.0 = Release|x64
		{1C74317A-C480-4752-91DC-73BF112C283B}.Release|x64.Deploy.0 = Release|x64
		{1C74317A-C480-4752-91DC-73BF112C283B}.Release|x86.ActiveCfg = Release|x86
		{1C74317A-C480-4752-91DC-73BF112C283B}.Release|x86.Build.0 = Release|x86
		{1C74317A-C480-4752-91DC-73BF112C283B}.Release|x86.Deploy.0 = Release|x86
		{0B32ABCE-DF07-4DF8-ACBE-AF545FFA33C8}.Ad-Hoc|Any CPU.ActiveCfg = Release|Any CPU
		{0B32ABCE-DF07-4DF8-ACBE-AF545FFA33C8}.Ad-Hoc|Any CPU.Build.0 = Release|Any CPU
		{0B32ABCE-DF07-4DF8-ACBE-AF545FFA33C8}.Ad-Hoc|Any CPU.Deploy.0 = Release|Any CPU
		{0B32ABCE-DF07-4DF8-ACBE-AF545FFA33C8}.Ad-Hoc|ARM.ActiveCfg = Release|ARM
		{0B32ABCE-DF07-4DF8-ACBE-AF545FFA33C8}.Ad-Hoc|ARM.Build.0 = Release|ARM
		{0B32ABCE-DF07-4DF8-ACBE-AF545FFA33C8}.Ad-Hoc|ARM.Deploy.0 = Release|ARM
		{0B32ABCE-DF07-4DF8-ACBE-AF545FFA33C8}.Ad-Hoc|iPhone.ActiveCfg = Release|Any CPU
		{0B32ABCE-DF07-4DF8-ACBE-AF545FFA33C8}.Ad-Hoc|iPhone.Build.0 = Release|Any CPU
		{0B32ABCE-DF07-4DF8-ACBE-AF545FFA33C8}.Ad-Hoc|iPhone.Deploy.0 = Release|Any CPU
		{0B32ABCE-DF07-4DF8-ACBE-AF545FFA33C8}.Ad-Hoc|iPhoneSimulator.ActiveCfg = Release|Any CPU
		{0B32ABCE-DF07-4DF8-ACBE-AF545FFA33C8}.Ad-Hoc|iPhoneSimulator.Build.0 = Release|Any CPU
		{0B32ABCE-DF07-4DF8-ACBE-AF545FFA33C8}.Ad-Hoc|iPhoneSimulator.Deploy.0 = Release|Any CPU
		{0B32ABCE-DF07-4DF8-ACBE-AF545FFA33C8}.Ad-Hoc|x64.ActiveCfg = Release|x64
		{0B32ABCE-DF07-4DF8-ACBE-AF545FFA33C8}.Ad-Hoc|x64.Build.0 = Release|x64
		{0B32ABCE-DF07-4DF8-ACBE-AF545FFA33C8}.Ad-Hoc|x64.Deploy.0 = Release|x64
		{0B32ABCE-DF07-4DF8-ACBE-AF545FFA33C8}.Ad-Hoc|x86.ActiveCfg = Release|x86
		{0B32ABCE-DF07-4DF8-ACBE-AF545FFA33C8}.Ad-Hoc|x86.Build.0 = Release|x86
		{0B32ABCE-DF07-4DF8-ACBE-AF545FFA33C8}.Ad-Hoc|x86.Deploy.0 = Release|x86
		{0B32ABCE-DF07-4DF8-ACBE-AF545FFA33C8}.AppStore|Any CPU.ActiveCfg = Release|Any CPU
		{0B32ABCE-DF07-4DF8-ACBE-AF545FFA33C8}.AppStore|Any CPU.Build.0 = Release|Any CPU
		{0B32ABCE-DF07-4DF8-ACBE-AF545FFA33C8}.AppStore|Any CPU.Deploy.0 = Release|Any CPU
		{0B32ABCE-DF07-4DF8-ACBE-AF545FFA33C8}.AppStore|ARM.ActiveCfg = Release|ARM
		{0B32ABCE-DF07-4DF8-ACBE-AF545FFA33C8}.AppStore|ARM.Build.0 = Release|ARM
		{0B32ABCE-DF07-4DF8-ACBE-AF545FFA33C8}.AppStore|ARM.Deploy.0 = Release|ARM
		{0B32ABCE-DF07-4DF8-ACBE-AF545FFA33C8}.AppStore|iPhone.ActiveCfg = Release|Any CPU
		{0B32ABCE-DF07-4DF8-ACBE-AF545FFA33C8}.AppStore|iPhone.Build.0 = Release|Any CPU
		{0B32ABCE-DF07-4DF8-ACBE-AF545FFA33C8}.AppStore|iPhone.Deploy.0 = Release|Any CPU
		{0B32ABCE-DF07-4DF8-ACBE-AF545FFA33C8}.AppStore|iPhoneSimulator.ActiveCfg = Release|Any CPU
		{0B32ABCE-DF07-4DF8-ACBE-AF545FFA33C8}.AppStore|iPhoneSimulator.Build.0 = Release|Any CPU
		{0B32ABCE-DF07-4DF8-ACBE-AF545FFA33C8}.AppStore|iPhoneSimulator.Deploy.0 = Release|Any CPU
		{0B32ABCE-DF07-4DF8-ACBE-AF545FFA33C8}.AppStore|x64.ActiveCfg = Release|x64
		{0B32ABCE-DF07-4DF8-ACBE-AF545FFA33C8}.AppStore|x64.Build.0 = Release|x64
		{0B32ABCE-DF07-4DF8-ACBE-AF545FFA33C8}.AppStore|x64.Deploy.0 = Release|x64
		{0B32ABCE-DF07-4DF8-ACBE-AF545FFA33C8}.AppStore|x86.ActiveCfg = Release|x86
		{0B32ABCE-DF07-4DF8-ACBE-AF545FFA33C8}.AppStore|x86.Build.0 = Release|x86
		{0B32ABCE-DF07-4DF8-ACBE-AF545FFA33C8}.AppStore|x86.Deploy.0 = Release|x86
		{0B32ABCE-DF07-4DF8-ACBE-AF545FFA33C8}.Debug|Any CPU.ActiveCfg = Debug|Any CPU
		{0B32ABCE-DF07-4DF8-ACBE-AF545FFA33C8}.Debug|Any CPU.Build.0 = Debug|Any CPU
		{0B32ABCE-DF07-4DF8-ACBE-AF545FFA33C8}.Debug|Any CPU.Deploy.0 = Debug|Any CPU
		{0B32ABCE-DF07-4DF8-ACBE-AF545FFA33C8}.Debug|ARM.ActiveCfg = Debug|ARM
		{0B32ABCE-DF07-4DF8-ACBE-AF545FFA33C8}.Debug|ARM.Build.0 = Debug|ARM
		{0B32ABCE-DF07-4DF8-ACBE-AF545FFA33C8}.Debug|ARM.Deploy.0 = Debug|ARM
		{0B32ABCE-DF07-4DF8-ACBE-AF545FFA33C8}.Debug|iPhone.ActiveCfg = Debug|Any CPU
		{0B32ABCE-DF07-4DF8-ACBE-AF545FFA33C8}.Debug|iPhone.Build.0 = Debug|Any CPU
		{0B32ABCE-DF07-4DF8-ACBE-AF545FFA33C8}.Debug|iPhone.Deploy.0 = Debug|Any CPU
		{0B32ABCE-DF07-4DF8-ACBE-AF545FFA33C8}.Debug|iPhoneSimulator.ActiveCfg = Debug|Any CPU
		{0B32ABCE-DF07-4DF8-ACBE-AF545FFA33C8}.Debug|iPhoneSimulator.Build.0 = Debug|Any CPU
		{0B32ABCE-DF07-4DF8-ACBE-AF545FFA33C8}.Debug|iPhoneSimulator.Deploy.0 = Debug|Any CPU
		{0B32ABCE-DF07-4DF8-ACBE-AF545FFA33C8}.Debug|x64.ActiveCfg = Debug|x64
		{0B32ABCE-DF07-4DF8-ACBE-AF545FFA33C8}.Debug|x64.Build.0 = Debug|x64
		{0B32ABCE-DF07-4DF8-ACBE-AF545FFA33C8}.Debug|x64.Deploy.0 = Debug|x64
		{0B32ABCE-DF07-4DF8-ACBE-AF545FFA33C8}.Debug|x86.ActiveCfg = Debug|x86
		{0B32ABCE-DF07-4DF8-ACBE-AF545FFA33C8}.Debug|x86.Build.0 = Debug|x86
		{0B32ABCE-DF07-4DF8-ACBE-AF545FFA33C8}.Debug|x86.Deploy.0 = Debug|x86
		{0B32ABCE-DF07-4DF8-ACBE-AF545FFA33C8}.Release|Any CPU.ActiveCfg = Release|Any CPU
		{0B32ABCE-DF07-4DF8-ACBE-AF545FFA33C8}.Release|Any CPU.Build.0 = Release|Any CPU
		{0B32ABCE-DF07-4DF8-ACBE-AF545FFA33C8}.Release|Any CPU.Deploy.0 = Release|Any CPU
		{0B32ABCE-DF07-4DF8-ACBE-AF545FFA33C8}.Release|ARM.ActiveCfg = Release|ARM
		{0B32ABCE-DF07-4DF8-ACBE-AF545FFA33C8}.Release|ARM.Build.0 = Release|ARM
		{0B32ABCE-DF07-4DF8-ACBE-AF545FFA33C8}.Release|ARM.Deploy.0 = Release|ARM
		{0B32ABCE-DF07-4DF8-ACBE-AF545FFA33C8}.Release|iPhone.ActiveCfg = Release|Any CPU
		{0B32ABCE-DF07-4DF8-ACBE-AF545FFA33C8}.Release|iPhone.Build.0 = Release|Any CPU
		{0B32ABCE-DF07-4DF8-ACBE-AF545FFA33C8}.Release|iPhone.Deploy.0 = Release|Any CPU
		{0B32ABCE-DF07-4DF8-ACBE-AF545FFA33C8}.Release|iPhoneSimulator.ActiveCfg = Release|Any CPU
		{0B32ABCE-DF07-4DF8-ACBE-AF545FFA33C8}.Release|iPhoneSimulator.Build.0 = Release|Any CPU
		{0B32ABCE-DF07-4DF8-ACBE-AF545FFA33C8}.Release|iPhoneSimulator.Deploy.0 = Release|Any CPU
		{0B32ABCE-DF07-4DF8-ACBE-AF545FFA33C8}.Release|x64.ActiveCfg = Release|x64
		{0B32ABCE-DF07-4DF8-ACBE-AF545FFA33C8}.Release|x64.Build.0 = Release|x64
		{0B32ABCE-DF07-4DF8-ACBE-AF545FFA33C8}.Release|x64.Deploy.0 = Release|x64
		{0B32ABCE-DF07-4DF8-ACBE-AF545FFA33C8}.Release|x86.ActiveCfg = Release|x86
		{0B32ABCE-DF07-4DF8-ACBE-AF545FFA33C8}.Release|x86.Build.0 = Release|x86
		{0B32ABCE-DF07-4DF8-ACBE-AF545FFA33C8}.Release|x86.Deploy.0 = Release|x86
		{6B26D6D1-460A-42C3-BD57-4E204AFFCC48}.Ad-Hoc|Any CPU.ActiveCfg = Release|Any CPU
		{6B26D6D1-460A-42C3-BD57-4E204AFFCC48}.Ad-Hoc|Any CPU.Build.0 = Release|Any CPU
		{6B26D6D1-460A-42C3-BD57-4E204AFFCC48}.Ad-Hoc|ARM.ActiveCfg = Release|Any CPU
		{6B26D6D1-460A-42C3-BD57-4E204AFFCC48}.Ad-Hoc|ARM.Build.0 = Release|Any CPU
		{6B26D6D1-460A-42C3-BD57-4E204AFFCC48}.Ad-Hoc|iPhone.ActiveCfg = Release|Any CPU
		{6B26D6D1-460A-42C3-BD57-4E204AFFCC48}.Ad-Hoc|iPhone.Build.0 = Release|Any CPU
		{6B26D6D1-460A-42C3-BD57-4E204AFFCC48}.Ad-Hoc|iPhoneSimulator.ActiveCfg = Release|Any CPU
		{6B26D6D1-460A-42C3-BD57-4E204AFFCC48}.Ad-Hoc|iPhoneSimulator.Build.0 = Release|Any CPU
		{6B26D6D1-460A-42C3-BD57-4E204AFFCC48}.Ad-Hoc|x64.ActiveCfg = Release|Any CPU
		{6B26D6D1-460A-42C3-BD57-4E204AFFCC48}.Ad-Hoc|x64.Build.0 = Release|Any CPU
		{6B26D6D1-460A-42C3-BD57-4E204AFFCC48}.Ad-Hoc|x86.ActiveCfg = Release|Any CPU
		{6B26D6D1-460A-42C3-BD57-4E204AFFCC48}.Ad-Hoc|x86.Build.0 = Release|Any CPU
		{6B26D6D1-460A-42C3-BD57-4E204AFFCC48}.AppStore|Any CPU.ActiveCfg = Release|Any CPU
		{6B26D6D1-460A-42C3-BD57-4E204AFFCC48}.AppStore|Any CPU.Build.0 = Release|Any CPU
		{6B26D6D1-460A-42C3-BD57-4E204AFFCC48}.AppStore|ARM.ActiveCfg = Release|Any CPU
		{6B26D6D1-460A-42C3-BD57-4E204AFFCC48}.AppStore|ARM.Build.0 = Release|Any CPU
		{6B26D6D1-460A-42C3-BD57-4E204AFFCC48}.AppStore|iPhone.ActiveCfg = Release|Any CPU
		{6B26D6D1-460A-42C3-BD57-4E204AFFCC48}.AppStore|iPhone.Build.0 = Release|Any CPU
		{6B26D6D1-460A-42C3-BD57-4E204AFFCC48}.AppStore|iPhoneSimulator.ActiveCfg = Release|Any CPU
		{6B26D6D1-460A-42C3-BD57-4E204AFFCC48}.AppStore|iPhoneSimulator.Build.0 = Release|Any CPU
		{6B26D6D1-460A-42C3-BD57-4E204AFFCC48}.AppStore|x64.ActiveCfg = Release|Any CPU
		{6B26D6D1-460A-42C3-BD57-4E204AFFCC48}.AppStore|x64.Build.0 = Release|Any CPU
		{6B26D6D1-460A-42C3-BD57-4E204AFFCC48}.AppStore|x86.ActiveCfg = Release|Any CPU
		{6B26D6D1-460A-42C3-BD57-4E204AFFCC48}.AppStore|x86.Build.0 = Release|Any CPU
		{6B26D6D1-460A-42C3-BD57-4E204AFFCC48}.Debug|Any CPU.ActiveCfg = Debug|Any CPU
		{6B26D6D1-460A-42C3-BD57-4E204AFFCC48}.Debug|Any CPU.Build.0 = Debug|Any CPU
		{6B26D6D1-460A-42C3-BD57-4E204AFFCC48}.Debug|ARM.ActiveCfg = Debug|Any CPU
		{6B26D6D1-460A-42C3-BD57-4E204AFFCC48}.Debug|ARM.Build.0 = Debug|Any CPU
		{6B26D6D1-460A-42C3-BD57-4E204AFFCC48}.Debug|iPhone.ActiveCfg = Debug|Any CPU
		{6B26D6D1-460A-42C3-BD57-4E204AFFCC48}.Debug|iPhone.Build.0 = Debug|Any CPU
		{6B26D6D1-460A-42C3-BD57-4E204AFFCC48}.Debug|iPhoneSimulator.ActiveCfg = Debug|Any CPU
		{6B26D6D1-460A-42C3-BD57-4E204AFFCC48}.Debug|iPhoneSimulator.Build.0 = Debug|Any CPU
		{6B26D6D1-460A-42C3-BD57-4E204AFFCC48}.Debug|x64.ActiveCfg = Debug|Any CPU
		{6B26D6D1-460A-42C3-BD57-4E204AFFCC48}.Debug|x64.Build.0 = Debug|Any CPU
		{6B26D6D1-460A-42C3-BD57-4E204AFFCC48}.Debug|x86.ActiveCfg = Debug|Any CPU
		{6B26D6D1-460A-42C3-BD57-4E204AFFCC48}.Debug|x86.Build.0 = Debug|Any CPU
		{6B26D6D1-460A-42C3-BD57-4E204AFFCC48}.Release|Any CPU.ActiveCfg = Release|Any CPU
		{6B26D6D1-460A-42C3-BD57-4E204AFFCC48}.Release|Any CPU.Build.0 = Release|Any CPU
		{6B26D6D1-460A-42C3-BD57-4E204AFFCC48}.Release|ARM.ActiveCfg = Release|Any CPU
		{6B26D6D1-460A-42C3-BD57-4E204AFFCC48}.Release|ARM.Build.0 = Release|Any CPU
		{6B26D6D1-460A-42C3-BD57-4E204AFFCC48}.Release|iPhone.ActiveCfg = Release|Any CPU
		{6B26D6D1-460A-42C3-BD57-4E204AFFCC48}.Release|iPhone.Build.0 = Release|Any CPU
		{6B26D6D1-460A-42C3-BD57-4E204AFFCC48}.Release|iPhoneSimulator.ActiveCfg = Release|Any CPU
		{6B26D6D1-460A-42C3-BD57-4E204AFFCC48}.Release|iPhoneSimulator.Build.0 = Release|Any CPU
		{6B26D6D1-460A-42C3-BD57-4E204AFFCC48}.Release|x64.ActiveCfg = Release|Any CPU
		{6B26D6D1-460A-42C3-BD57-4E204AFFCC48}.Release|x64.Build.0 = Release|Any CPU
		{6B26D6D1-460A-42C3-BD57-4E204AFFCC48}.Release|x86.ActiveCfg = Release|Any CPU
		{6B26D6D1-460A-42C3-BD57-4E204AFFCC48}.Release|x86.Build.0 = Release|Any CPU
	EndGlobalSection
	GlobalSection(SolutionProperties) = preSolution
		HideSolutionNode = FALSE
	EndGlobalSection
EndGlobal
